// !$*UTF8*$!
{
	archiveVersion = 1;
	classes = {
	};
	objectVersion = 55;
	objects = {

/* Begin PBXBuildFile section */
		F1331B0F28BB86620060EEA6 /* AppDelegate.swift in Sources */ = {isa = PBXBuildFile; fileRef = F1331B0E28BB86620060EEA6 /* AppDelegate.swift */; };
		F1331B1128BB86620060EEA6 /* SceneDelegate.swift in Sources */ = {isa = PBXBuildFile; fileRef = F1331B1028BB86620060EEA6 /* SceneDelegate.swift */; };
		F1331B1328BB86620060EEA6 /* BlogViewController.swift in Sources */ = {isa = PBXBuildFile; fileRef = F1331B1228BB86620060EEA6 /* BlogViewController.swift */; };
		F1331B1628BB86620060EEA6 /* Main.storyboard in Resources */ = {isa = PBXBuildFile; fileRef = F1331B1428BB86620060EEA6 /* Main.storyboard */; };
		F1331B1828BB86630060EEA6 /* Assets.xcassets in Resources */ = {isa = PBXBuildFile; fileRef = F1331B1728BB86630060EEA6 /* Assets.xcassets */; };
		F1331B1B28BB86630060EEA6 /* LaunchScreen.storyboard in Resources */ = {isa = PBXBuildFile; fileRef = F1331B1928BB86630060EEA6 /* LaunchScreen.storyboard */; };
		F1331B2328BB868F0060EEA6 /* BlogManager.swift in Sources */ = {isa = PBXBuildFile; fileRef = F1331B2228BB868F0060EEA6 /* BlogManager.swift */; };
		F1331B2528BB869B0060EEA6 /* BlogData.swift in Sources */ = {isa = PBXBuildFile; fileRef = F1331B2428BB869B0060EEA6 /* BlogData.swift */; };
		F1522FA528BB9A95005627EA /* AnotherBlogViewController.swift in Sources */ = {isa = PBXBuildFile; fileRef = F1522FA428BB9A95005627EA /* AnotherBlogViewController.swift */; };
/* End PBXBuildFile section */

/* Begin PBXFileReference section */
		F1331B0B28BB86620060EEA6 /* BlogApp-DelegateDesignPattern.app */ = {isa = PBXFileReference; explicitFileType = wrapper.application; includeInIndex = 0; path = "BlogApp-DelegateDesignPattern.app"; sourceTree = BUILT_PRODUCTS_DIR; };
		F1331B0E28BB86620060EEA6 /* AppDelegate.swift */ = {isa = PBXFileReference; lastKnownFileType = sourcecode.swift; path = AppDelegate.swift; sourceTree = "<group>"; };
		F1331B1028BB86620060EEA6 /* SceneDelegate.swift */ = {isa = PBXFileReference; lastKnownFileType = sourcecode.swift; path = SceneDelegate.swift; sourceTree = "<group>"; };
		F1331B1228BB86620060EEA6 /* BlogViewController.swift */ = {isa = PBXFileReference; lastKnownFileType = sourcecode.swift; path = BlogViewController.swift; sourceTree = "<group>"; };
		F1331B1528BB86620060EEA6 /* Base */ = {isa = PBXFileReference; lastKnownFileType = file.storyboard; name = Base; path = Base.lproj/Main.storyboard; sourceTree = "<group>"; };
		F1331B1728BB86630060EEA6 /* Assets.xcassets */ = {isa = PBXFileReference; lastKnownFileType = folder.assetcatalog; path = Assets.xcassets; sourceTree = "<group>"; };
		F1331B1A28BB86630060EEA6 /* Base */ = {isa = PBXFileReference; lastKnownFileType = file.storyboard; name = Base; path = Base.lproj/LaunchScreen.storyboard; sourceTree = "<group>"; };
		F1331B1C28BB86630060EEA6 /* Info.plist */ = {isa = PBXFileReference; lastKnownFileType = text.plist.xml; path = Info.plist; sourceTree = "<group>"; };
		F1331B2228BB868F0060EEA6 /* BlogManager.swift */ = {isa = PBXFileReference; lastKnownFileType = sourcecode.swift; path = BlogManager.swift; sourceTree = "<group>"; };
		F1331B2428BB869B0060EEA6 /* BlogData.swift */ = {isa = PBXFileReference; lastKnownFileType = sourcecode.swift; path = BlogData.swift; sourceTree = "<group>"; };
		F1522FA428BB9A95005627EA /* AnotherBlogViewController.swift */ = {isa = PBXFileReference; lastKnownFileType = sourcecode.swift; path = AnotherBlogViewController.swift; sourceTree = "<group>"; };
/* End PBXFileReference section */

/* Begin PBXFrameworksBuildPhase section */
		F1331B0828BB86620060EEA6 /* Frameworks */ = {
			isa = PBXFrameworksBuildPhase;
			buildActionMask = 2147483647;
			files = (
			);
			runOnlyForDeploymentPostprocessing = 0;
		};
/* End PBXFrameworksBuildPhase section */

/* Begin PBXGroup section */
		F1331B0228BB86620060EEA6 = {
			isa = PBXGroup;
			children = (
				F1331B0D28BB86620060EEA6 /* BlogApp-DelegateDesignPattern */,
				F1331B0C28BB86620060EEA6 /* Products */,
			);
			sourceTree = "<group>";
		};
		F1331B0C28BB86620060EEA6 /* Products */ = {
			isa = PBXGroup;
			children = (
				F1331B0B28BB86620060EEA6 /* BlogApp-DelegateDesignPattern.app */,
			);
			name = Products;
			sourceTree = "<group>";
		};
		F1331B0D28BB86620060EEA6 /* BlogApp-DelegateDesignPattern */ = {
			isa = PBXGroup;
			children = (
				F1331B0E28BB86620060EEA6 /* AppDelegate.swift */,
				F1331B1028BB86620060EEA6 /* SceneDelegate.swift */,
				F1331B1228BB86620060EEA6 /* BlogViewController.swift */,
				F1331B2228BB868F0060EEA6 /* BlogManager.swift */,
				F1331B2428BB869B0060EEA6 /* BlogData.swift */,
				F1331B1428BB86620060EEA6 /* Main.storyboard */,
				F1331B1728BB86630060EEA6 /* Assets.xcassets */,
				F1331B1928BB86630060EEA6 /* LaunchScreen.storyboard */,
				F1331B1C28BB86630060EEA6 /* Info.plist */,
				F1522FA428BB9A95005627EA /* AnotherBlogViewController.swift */,
			);
			path = "BlogApp-DelegateDesignPattern";
			sourceTree = "<group>";
		};
/* End PBXGroup section */

/* Begin PBXNativeTarget section */
		F1331B0A28BB86620060EEA6 /* BlogApp-DelegateDesignPattern */ = {
			isa = PBXNativeTarget;
			buildConfigurationList = F1331B1F28BB86630060EEA6 /* Build configuration list for PBXNativeTarget "BlogApp-DelegateDesignPattern" */;
			buildPhases = (
				F1331B0728BB86620060EEA6 /* Sources */,
				F1331B0828BB86620060EEA6 /* Frameworks */,
				F1331B0928BB86620060EEA6 /* Resources */,
			);
			buildRules = (
			);
			dependencies = (
			);
			name = "BlogApp-DelegateDesignPattern";
			productName = "BlogApp-DelegateDesignPattern";
			productReference = F1331B0B28BB86620060EEA6 /* BlogApp-DelegateDesignPattern.app */;
			productType = "com.apple.product-type.application";
		};
/* End PBXNativeTarget section */

/* Begin PBXProject section */
		F1331B0328BB86620060EEA6 /* Project object */ = {
			isa = PBXProject;
			attributes = {
				BuildIndependentTargetsInParallel = 1;
				LastSwiftUpdateCheck = 1340;
				LastUpgradeCheck = 1340;
				TargetAttributes = {
					F1331B0A28BB86620060EEA6 = {
						CreatedOnToolsVersion = 13.4.1;
					};
				};
			};
			buildConfigurationList = F1331B0628BB86620060EEA6 /* Build configuration list for PBXProject "BlogApp-DelegateDesignPattern" */;
			compatibilityVersion = "Xcode 13.0";
			developmentRegion = en;
			hasScannedForEncodings = 0;
			knownRegions = (
				en,
				Base,
			);
			mainGroup = F1331B0228BB86620060EEA6;
			productRefGroup = F1331B0C28BB86620060EEA6 /* Products */;
			projectDirPath = "";
			projectRoot = "";
			targets = (
				F1331B0A28BB86620060EEA6 /* BlogApp-DelegateDesignPattern */,
			);
		};
/* End PBXProject section */

/* Begin PBXResourcesBuildPhase section */
		F1331B0928BB86620060EEA6 /* Resources */ = {
			isa = PBXResourcesBuildPhase;
			buildActionMask = 2147483647;
			files = (
				F1331B1B28BB86630060EEA6 /* LaunchScreen.storyboard in Resources */,
				F1331B1828BB86630060EEA6 /* Assets.xcassets in Resources */,
				F1331B1628BB86620060EEA6 /* Main.storyboard in Resources */,
			);
			runOnlyForDeploymentPostprocessing = 0;
		};
/* End PBXResourcesBuildPhase section */

/* Begin PBXSourcesBuildPhase section */
		F1331B0728BB86620060EEA6 /* Sources */ = {
			isa = PBXSourcesBuildPhase;
			buildActionMask = 2147483647;
			files = (
				F1331B1328BB86620060EEA6 /* BlogViewController.swift in Sources */,
				F1331B0F28BB86620060EEA6 /* AppDelegate.swift in Sources */,
				F1331B1128BB86620060EEA6 /* SceneDelegate.swift in Sources */,
				F1331B2528BB869B0060EEA6 /* BlogData.swift in Sources */,
				F1522FA528BB9A95005627EA /* AnotherBlogViewController.swift in Sources */,
				F1331B2328BB868F0060EEA6 /* BlogManager.swift in Sources */,
			);
			runOnlyForDeploymentPostprocessing = 0;
		};
/* End PBXSourcesBuildPhase section */

/* Begin PBXVariantGroup section */
		F1331B1428BB86620060EEA6 /* Main.storyboard */ = {
			isa = PBXVariantGroup;
			children = (
				F1331B1528BB86620060EEA6 /* Base */,
			);
			name = Main.storyboard;
			sourceTree = "<group>";
		};
		F1331B1928BB86630060EEA6 /* LaunchScreen.storyboard */ = {
			isa = PBXVariantGroup;
			children = (
				F1331B1A28BB86630060EEA6 /* Base */,
			);
			name = LaunchScreen.storyboard;
			sourceTree = "<group>";
		};
/* End PBXVariantGroup section */

/* Begin XCBuildConfiguration section */
		F1331B1D28BB86630060EEA6 /* Debug */ = {
			isa = XCBuildConfiguration;
			buildSettings = {
				ALWAYS_SEARCH_USER_PATHS = NO;
				CLANG_ANALYZER_NONNULL = YES;
				CLANG_ANALYZER_NUMBER_OBJECT_CONVERSION = YES_AGGRESSIVE;
				CLANG_CXX_LANGUAGE_STANDARD = "gnu++17";
				CLANG_ENABLE_MODULES = YES;
				CLANG_ENABLE_OBJC_ARC = YES;
				CLANG_ENABLE_OBJC_WEAK = YES;
				CLANG_WARN_BLOCK_CAPTURE_AUTORELEASING = YES;
				CLANG_WARN_BOOL_CONVERSION = YES;
				CLANG_WARN_COMMA = YES;
				CLANG_WARN_CONSTANT_CONVERSION = YES;
				CLANG_WARN_DEPRECATED_OBJC_IMPLEMENTATIONS = YES;
				CLANG_WARN_DIRECT_OBJC_ISA_USAGE = YES_ERROR;
				CLANG_WARN_DOCUMENTATION_COMMENTS = YES;
				CLANG_WARN_EMPTY_BODY = YES;
				CLANG_WARN_ENUM_CONVERSION = YES;
				CLANG_WARN_INFINITE_RECURSION = YES;
				CLANG_WARN_INT_CONVERSION = YES;
				CLANG_WARN_NON_LITERAL_NULL_CONVERSION = YES;
				CLANG_WARN_OBJC_IMPLICIT_RETAIN_SELF = YES;
				CLANG_WARN_OBJC_LITERAL_CONVERSION = YES;
				CLANG_WARN_OBJC_ROOT_CLASS = YES_ERROR;
				CLANG_WARN_QUOTED_INCLUDE_IN_FRAMEWORK_HEADER = YES;
				CLANG_WARN_RANGE_LOOP_ANALYSIS = YES;
				CLANG_WARN_STRICT_PROTOTYPES = YES;
				CLANG_WARN_SUSPICIOUS_MOVE = YES;
				CLANG_WARN_UNGUARDED_AVAILABILITY = YES_AGGRESSIVE;
				CLANG_WARN_UNREACHABLE_CODE = YES;
				CLANG_WARN__DUPLICATE_METHOD_MATCH = YES;
				COPY_PHASE_STRIP = NO;
				DEBUG_INFORMATION_FORMAT = dwarf;
				ENABLE_STRICT_OBJC_MSGSEND = YES;
				ENABLE_TESTABILITY = YES;
				GCC_C_LANGUAGE_STANDARD = gnu11;
				GCC_DYNAMIC_NO_PIC = NO;
				GCC_NO_COMMON_BLOCKS = YES;
				GCC_OPTIMIZATION_LEVEL = 0;
				GCC_PREPROCESSOR_DEFINITIONS = (
					"DEBUG=1",
					"$(inherited)",
				);
				GCC_WARN_64_TO_32_BIT_CONVERSION = YES;
				GCC_WARN_ABOUT_RETURN_TYPE = YES_ERROR;
				GCC_WARN_UNDECLARED_SELECTOR = YES;
				GCC_WARN_UNINITIALIZED_AUTOS = YES_AGGRESSIVE;
				GCC_WARN_UNUSED_FUNCTION = YES;
				GCC_WARN_UNUSED_VARIABLE = YES;
				IPHONEOS_DEPLOYMENT_TARGET = 15.5;
				MTL_ENABLE_DEBUG_INFO = INCLUDE_SOURCE;
				MTL_FAST_MATH = YES;
				ONLY_ACTIVE_ARCH = YES;
				SDKROOT = iphoneos;
				SWIFT_ACTIVE_COMPILATION_CONDITIONS = DEBUG;
				SWIFT_OPTIMIZATION_LEVEL = "-Onone";
			};
			name = Debug;
		};
		F1331B1E28BB86630060EEA6 /* Release */ = {
			isa = XCBuildConfiguration;
			buildSettings = {
				ALWAYS_SEARCH_USER_PATHS = NO;
				CLANG_ANALYZER_NONNULL = YES;
				CLANG_ANALYZER_NUMBER_OBJECT_CONVERSION = YES_AGGRESSIVE;
				CLANG_CXX_LANGUAGE_STANDARD = "gnu++17";
				CLANG_ENABLE_MODULES = YES;
				CLANG_ENABLE_OBJC_ARC = YES;
				CLANG_ENABLE_OBJC_WEAK = YES;
				CLANG_WARN_BLOCK_CAPTURE_AUTORELEASING = YES;
				CLANG_WARN_BOOL_CONVERSION = YES;
				CLANG_WARN_COMMA = YES;
				CLANG_WARN_CONSTANT_CONVERSION = YES;
				CLANG_WARN_DEPRECATED_OBJC_IMPLEMENTATIONS = YES;
				CLANG_WARN_DIRECT_OBJC_ISA_USAGE = YES_ERROR;
				CLANG_WARN_DOCUMENTATION_COMMENTS = YES;
				CLANG_WARN_EMPTY_BODY = YES;
				CLANG_WARN_ENUM_CONVERSION = YES;
				CLANG_WARN_INFINITE_RECURSION = YES;
				CLANG_WARN_INT_CONVERSION = YES;
				CLANG_WARN_NON_LITERAL_NULL_CONVERSION = YES;
				CLANG_WARN_OBJC_IMPLICIT_RETAIN_SELF = YES;
				CLANG_WARN_OBJC_LITERAL_CONVERSION = YES;
				CLANG_WARN_OBJC_ROOT_CLASS = YES_ERROR;
				CLANG_WARN_QUOTED_INCLUDE_IN_FRAMEWORK_HEADER = YES;
				CLANG_WARN_RANGE_LOOP_ANALYSIS = YES;
				CLANG_WARN_STRICT_PROTOTYPES = YES;
				CLANG_WARN_SUSPICIOUS_MOVE = YES;
				CLANG_WARN_UNGUARDED_AVAILABILITY = YES_AGGRESSIVE;
				CLANG_WARN_UNREACHABLE_CODE = YES;
				CLANG_WARN__DUPLICATE_METHOD_MATCH = YES;
				COPY_PHASE_STRIP = NO;
				DEBUG_INFORMATION_FORMAT = "dwarf-with-dsym";
				ENABLE_NS_ASSERTIONS = NO;
				ENABLE_STRICT_OBJC_MSGSEND = YES;
				GCC_C_LANGUAGE_STANDARD = gnu11;
				GCC_NO_COMMON_BLOCKS = YES;
				GCC_WARN_64_TO_32_BIT_CONVERSION = YES;
				GCC_WARN_ABOUT_RETURN_TYPE = YES_ERROR;
				GCC_WARN_UNDECLARED_SELECTOR = YES;
				GCC_WARN_UNINITIALIZED_AUTOS = YES_AGGRESSIVE;
				GCC_WARN_UNUSED_FUNCTION = YES;
				GCC_WARN_UNUSED_VARIABLE = YES;
				IPHONEOS_DEPLOYMENT_TARGET = 15.5;
				MTL_ENABLE_DEBUG_INFO = NO;
				MTL_FAST_MATH = YES;
				SDKROOT = iphoneos;
				SWIFT_COMPILATION_MODE = wholemodule;
				SWIFT_OPTIMIZATION_LEVEL = "-O";
				VALIDATE_PRODUCT = YES;
			};
			name = Release;
		};
		F1331B2028BB86630060EEA6 /* Debug */ = {
			isa = XCBuildConfiguration;
			buildSettings = {
				ASSETCATALOG_COMPILER_APPICON_NAME = AppIcon;
				ASSETCATALOG_COMPILER_GLOBAL_ACCENT_COLOR_NAME = AccentColor;
				CODE_SIGN_STYLE = Automatic;
				CURRENT_PROJECT_VERSION = 1;
				GENERATE_INFOPLIST_FILE = YES;
				INFOPLIST_FILE = "BlogApp-DelegateDesignPattern/Info.plist";
				INFOPLIST_KEY_UIApplicationSupportsIndirectInputEvents = YES;
				INFOPLIST_KEY_UILaunchStoryboardName = LaunchScreen;
				INFOPLIST_KEY_UIMainStoryboardFile = Main;
				INFOPLIST_KEY_UISupportedInterfaceOrientations_iPad = "UIInterfaceOrientationPortrait UIInterfaceOrientationPortraitUpsideDown UIInterfaceOrientationLandscapeLeft UIInterfaceOrientationLandscapeRight";
				INFOPLIST_KEY_UISupportedInterfaceOrientations_iPhone = "UIInterfaceOrientationPortrait UIInterfaceOrientationLandscapeLeft UIInterfaceOrientationLandscapeRight";
				LD_RUNPATH_SEARCH_PATHS = (
					"$(inherited)",
					"@executable_path/Frameworks",
				);
				MARKETING_VERSION = 1.0;
				PRODUCT_BUNDLE_IDENTIFIER = "com.sametkoyuncu.BlogApp-DelegateDesignPattern";
				PRODUCT_NAME = "$(TARGET_NAME)";
				SWIFT_EMIT_LOC_STRINGS = YES;
				SWIFT_VERSION = 5.0;
				TARGETED_DEVICE_FAMILY = "1,2";
			};
			name = Debug;
		};
		F1331B2128BB86630060EEA6 /* Release */ = {
			isa = XCBuildConfiguration;
			buildSettings = {
				ASSETCATALOG_COMPILER_APPICON_NAME = AppIcon;
				ASSETCATALOG_COMPILER_GLOBAL_ACCENT_COLOR_NAME = AccentColor;
				CODE_SIGN_STYLE = Automatic;
				CURRENT_PROJECT_VERSION = 1;
				GENERATE_INFOPLIST_FILE = YES;
				INFOPLIST_FILE = "BlogApp-DelegateDesignPattern/Info.plist";
				INFOPLIST_KEY_UIApplicationSupportsIndirectInputEvents = YES;
				INFOPLIST_KEY_UILaunchStoryboardName = LaunchScreen;
				INFOPLIST_KEY_UIMainStoryboardFile = Main;
				INFOPLIST_KEY_UISupportedInterfaceOrientations_iPad = "UIInterfaceOrientationPortrait UIInterfaceOrientationPortraitUpsideDown UIInterfaceOrientationLandscapeLeft UIInterfaceOrientationLandscapeRight";
				INFOPLIST_KEY_UISupportedInterfaceOrientations_iPhone = "UIInterfaceOrientationPortrait UIInterfaceOrientationLandscapeLeft UIInterfaceOrientationLandscapeRight";
				LD_RUNPATH_SEARCH_PATHS = (
					"$(inherited)",
					"@executable_path/Frameworks",
				);
				MARKETING_VERSION = 1.0;
				PRODUCT_BUNDLE_IDENTIFIER = "com.sametkoyuncu.BlogApp-DelegateDesignPattern";
				PRODUCT_NAME = "$(TARGET_NAME)";
				SWIFT_EMIT_LOC_STRINGS = YES;
				SWIFT_VERSION = 5.0;
				TARGETED_DEVICE_FAMILY = "1,2";
			};
			name = Release;
		};
/* End XCBuildConfiguration section */

/* Begin XCConfigurationList section */
		F1331B0628BB86620060EEA6 /* Build configuration list for PBXProject "BlogApp-DelegateDesignPattern" */ = {
			isa = XCConfigurationList;
			buildConfigurations = (
				F1331B1D28BB86630060EEA6 /* Debug */,
				F1331B1E28BB86630060EEA6 /* Release */,
			);
			defaultConfigurationIsVisible = 0;
			defaultConfigurationName = Release;
		};
		F1331B1F28BB86630060EEA6 /* Build configuration list for PBXNativeTarget "BlogApp-DelegateDesignPattern" */ = {
			isa = XCConfigurationList;
			buildConfigurations = (
				F1331B2028BB86630060EEA6 /* Debug */,
				F1331B2128BB86630060EEA6 /* Release */,
			);
			defaultConfigurationIsVisible = 0;
			defaultConfigurationName = Release;
		};
/* End XCConfigurationList section */
	};
	rootObject = F1331B0328BB86620060EEA6 /* Project object */;
}
